hash: 4cfccf01198a3647fec5e7b5095a0fa01fd40abcfa9d0a59f50bd18742ec1f6c
updated: 2018-02-10T22:47:25.443155401+01:00
imports:
- name: github.com/BurntSushi/toml
  version: a368813c5e648fee92e5f6c30e3944ff9d5e8895
- name: github.com/bwmarrin/discordgo
  version: 4a33b9bc7c56cfdb9bb244e33e83cb3941fe2bdc
- name: github.com/gorilla/websocket
  version: 4ac909741dfa57448bfadfdbca0cf7eeaa68f0e2
- name: github.com/jasonlvhit/gocron
  version: 3c914c8681c3998f1dd463d84a4d8c29345e47a4
- name: github.com/jinzhu/configor
  version: 6ecfe629230f24c2e92c7894c6ab21b83b757a39
- name: github.com/spf13/cast
  version: acbeb36b902d72a7a4c18e8f3241075e7ab763e4
- name: golang.org/x/crypto
  version: 5119cf507ed5294cc409c092980c7497ee5d6fd2
  subpackages:
  - nacl/secretbox
  - poly1305
  - salsa20/salsa
- name: gopkg.in/yaml.v2
  version: d670f9405373e636a5a2765eea47fac0c9bc91a4
- name: mvdan.cc/xurls
  version: d315b61cf6727664f310fa87b3197e9faf2a8513
testImports: []
