hash: 0b5a9b389a096302bd5fb0cce29ecae6c4fdf769dbe9b51a0b529f27c3133335
updated: 2018-02-08T20:58:20.726616409+01:00
imports:
- name: github.com/BurntSushi/toml
  version: a368813c5e648fee92e5f6c30e3944ff9d5e8895
- name: github.com/bwmarrin/discordgo
  version: 4a33b9bc7c56cfdb9bb244e33e83cb3941fe2bdc
- name: github.com/gorilla/websocket
  version: 4ac909741dfa57448bfadfdbca0cf7eeaa68f0e2
- name: github.com/jasonlvhit/gocron
  version: 3c914c8681c3998f1dd463d84a4d8c29345e47a4
- name: github.com/jinzhu/configor
  version: 6ecfe629230f24c2e92c7894c6ab21b83b757a39
- name: github.com/spf13/cast
  version: acbeb36b902d72a7a4c18e8f3241075e7ab763e4
- name: golang.org/x/crypto
  version: 5119cf507ed5294cc409c092980c7497ee5d6fd2
  subpackages:
  - nacl/secretbox
  - poly1305
  - salsa20/salsa
- name: gopkg.in/yaml.v2
  version: d670f9405373e636a5a2765eea47fac0c9bc91a4
testImports: []
